
Microsoft Visual Studio Solution File, Format Version 12.00
Project("{FAE04EC0-301F-11D3-BF4B-00C04F79EFBC}") = "homework_1", "homework_1\homework_1.csproj", "{D434D836-C87C-4C01-9B11-6267156B40F0}"
EndProject
Project("{FAE04EC0-301F-11D3-BF4B-00C04F79EFBC}") = "CalculatorTests", "CalculatorTests\CalculatorTests.csproj", "{0AE77DED-2815-4B44-9CB9-6040C4474A08}"
EndProject
Global
	GlobalSection(SolutionConfigurationPlatforms) = preSolution
		Debug|Any CPU = Debug|Any CPU
		Release|Any CPU = Release|Any CPU
	EndGlobalSection
	GlobalSection(ProjectConfigurationPlatforms) = postSolution
		{D434D836-C87C-4C01-9B11-6267156B40F0}.Debug|Any CPU.ActiveCfg = Debug|Any CPU
		{D434D836-C87C-4C01-9B11-6267156B40F0}.Debug|Any CPU.Build.0 = Debug|Any CPU
		{D434D836-C87C-4C01-9B11-6267156B40F0}.Release|Any CPU.ActiveCfg = Release|Any CPU
		{D434D836-C87C-4C01-9B11-6267156B40F0}.Release|Any CPU.Build.0 = Release|Any CPU
		{0AE77DED-2815-4B44-9CB9-6040C4474A08}.Debug|Any CPU.ActiveCfg = Debug|Any CPU
		{0AE77DED-2815-4B44-9CB9-6040C4474A08}.Debug|Any CPU.Build.0 = Debug|Any CPU
		{0AE77DED-2815-4B44-9CB9-6040C4474A08}.Release|Any CPU.ActiveCfg = Release|Any CPU
		{0AE77DED-2815-4B44-9CB9-6040C4474A08}.Release|Any CPU.Build.0 = Release|Any CPU
	EndGlobalSection
EndGlobal
